
Microsoft Visual Studio Solution File, Format Version 12.00
# Visual Studio Version 16
VisualStudioVersion = 16.0.30204.135
MinimumVisualStudioVersion = 10.0.40219.1
Project("{FAE04EC0-301F-11D3-BF4B-00C04F79EFBC}") = "FlightMobileWeb", "FlightMobileWeb\FlightMobileWeb.csproj", "{76E14202-989A-4D1C-8A47-2E61C44B580F}"
EndProject
Global
	GlobalSection(SolutionConfigurationPlatforms) = preSolution
		Debug|Any CPU = Debug|Any CPU
		Release|Any CPU = Release|Any CPU
	EndGlobalSection
	GlobalSection(ProjectConfigurationPlatforms) = postSolution
		{76E14202-989A-4D1C-8A47-2E61C44B580F}.Debug|Any CPU.ActiveCfg = Debug|Any CPU
		{76E14202-989A-4D1C-8A47-2E61C44B580F}.Debug|Any CPU.Build.0 = Debug|Any CPU
		{76E14202-989A-4D1C-8A47-2E61C44B580F}.Release|Any CPU.ActiveCfg = Release|Any CPU
		{76E14202-989A-4D1C-8A47-2E61C44B580F}.Release|Any CPU.Build.0 = Release|Any CPU
	EndGlobalSection
	GlobalSection(SolutionProperties) = preSolution
		HideSolutionNode = FALSE
	EndGlobalSection
	GlobalSection(ExtensibilityGlobals) = postSolution
		SolutionGuid = {552337BE-57CC-489F-A228-2B148A0C38A0}
	EndGlobalSection
EndGlobal
